
Microsoft Visual Studio Solution File, Format Version 12.00
# Visual Studio Version 16
VisualStudioVersion = 16.0.28809.33
MinimumVisualStudioVersion = 10.0.40219.1
Project("{FAE04EC0-301F-11D3-BF4B-00C04F79EFBC}") = "active-directory-netcore-interactive-v2", "active-directory-netcore-interactive-v2\active-directory-netcore-interactive-v2.csproj", "{D8A3D3BE-E559-4F6B-AF97-6518AC1B2C1C}"
EndProject
Global
	GlobalSection(SolutionConfigurationPlatforms) = preSolution
		Debug|Any CPU = Debug|Any CPU
		Release|Any CPU = Release|Any CPU
	EndGlobalSection
	GlobalSection(ProjectConfigurationPlatforms) = postSolution
		{D8A3D3BE-E559-4F6B-AF97-6518AC1B2C1C}.Debug|Any CPU.ActiveCfg = Debug|Any CPU
		{D8A3D3BE-E559-4F6B-AF97-6518AC1B2C1C}.Debug|Any CPU.Build.0 = Debug|Any CPU
		{D8A3D3BE-E559-4F6B-AF97-6518AC1B2C1C}.Release|Any CPU.ActiveCfg = Release|Any CPU
		{D8A3D3BE-E559-4F6B-AF97-6518AC1B2C1C}.Release|Any CPU.Build.0 = Release|Any CPU
	EndGlobalSection
	GlobalSection(SolutionProperties) = preSolution
		HideSolutionNode = FALSE
	EndGlobalSection
	GlobalSection(ExtensibilityGlobals) = postSolution
		SolutionGuid = {68C6FD4F-FD7C-4827-8A92-36B3C9A5821E}
	EndGlobalSection
EndGlobal
